// !$*UTF8*$!
{
	archiveVersion = 1;
	classes = {
	};
	objectVersion = 56;
	objects = {

/* Begin PBXBuildFile section */
		04805A97293950E500794644 /* AppDelegate.swift in Sources */ = {isa = PBXBuildFile; fileRef = 04805A96293950E500794644 /* AppDelegate.swift */; };
		04805A99293950E500794644 /* SceneDelegate.swift in Sources */ = {isa = PBXBuildFile; fileRef = 04805A98293950E500794644 /* SceneDelegate.swift */; };
		04805A9B293950E500794644 /* ViewController.swift in Sources */ = {isa = PBXBuildFile; fileRef = 04805A9A293950E500794644 /* ViewController.swift */; };
		04805AA0293950E900794644 /* Assets.xcassets in Resources */ = {isa = PBXBuildFile; fileRef = 04805A9F293950E900794644 /* Assets.xcassets */; };
		04805AAB29395B4500794644 /* Model.swift in Sources */ = {isa = PBXBuildFile; fileRef = 04805AAA29395B4500794644 /* Model.swift */; };
		04805AAD2939734700794644 /* CollectionViewCell.swift in Sources */ = {isa = PBXBuildFile; fileRef = 04805AAC2939734700794644 /* CollectionViewCell.swift */; };
		04805AAF2939755D00794644 /* Extensions.swift in Sources */ = {isa = PBXBuildFile; fileRef = 04805AAE2939755D00794644 /* Extensions.swift */; };
		04805AB6293C936500794644 /* LaunchScreen.storyboard in Resources */ = {isa = PBXBuildFile; fileRef = 04805AB4293C936300794644 /* LaunchScreen.storyboard */; };
		04B7BC3E294FD6BB00EBA629 /* error.mp3 in Resources */ = {isa = PBXBuildFile; fileRef = 04B7BC3C294FD6BA00EBA629 /* error.mp3 */; };
		04B7BC3F294FD6BB00EBA629 /* correct.mp3 in Resources */ = {isa = PBXBuildFile; fileRef = 04B7BC3D294FD6BA00EBA629 /* correct.mp3 */; };
/* End PBXBuildFile section */

/* Begin PBXFileReference section */
		04805A93293950E500794644 /* Мемори.app */ = {isa = PBXFileReference; explicitFileType = wrapper.application; includeInIndex = 0; path = "Мемори.app"; sourceTree = BUILT_PRODUCTS_DIR; };
		04805A96293950E500794644 /* AppDelegate.swift */ = {isa = PBXFileReference; lastKnownFileType = sourcecode.swift; path = AppDelegate.swift; sourceTree = "<group>"; };
		04805A98293950E500794644 /* SceneDelegate.swift */ = {isa = PBXFileReference; lastKnownFileType = sourcecode.swift; path = SceneDelegate.swift; sourceTree = "<group>"; };
		04805A9A293950E500794644 /* ViewController.swift */ = {isa = PBXFileReference; lastKnownFileType = sourcecode.swift; path = ViewController.swift; sourceTree = "<group>"; };
		04805A9F293950E900794644 /* Assets.xcassets */ = {isa = PBXFileReference; lastKnownFileType = folder.assetcatalog; path = Assets.xcassets; sourceTree = "<group>"; };
		04805AAA29395B4500794644 /* Model.swift */ = {isa = PBXFileReference; lastKnownFileType = sourcecode.swift; path = Model.swift; sourceTree = "<group>"; };
		04805AAC2939734700794644 /* CollectionViewCell.swift */ = {isa = PBXFileReference; lastKnownFileType = sourcecode.swift; path = CollectionViewCell.swift; sourceTree = "<group>"; };
		04805AAE2939755D00794644 /* Extensions.swift */ = {isa = PBXFileReference; lastKnownFileType = sourcecode.swift; path = Extensions.swift; sourceTree = "<group>"; };
		04805AB2293A1F1D00794644 /* Info.plist */ = {isa = PBXFileReference; fileEncoding = 4; lastKnownFileType = text.plist.xml; path = Info.plist; sourceTree = "<group>"; };
		04805AB5293C936300794644 /* Base */ = {isa = PBXFileReference; lastKnownFileType = file.storyboard; name = Base; path = "Finding pairs/Base.lproj/LaunchScreen.storyboard"; sourceTree = "<group>"; };
		04B7BC3C294FD6BA00EBA629 /* error.mp3 */ = {isa = PBXFileReference; lastKnownFileType = audio.mp3; path = error.mp3; sourceTree = "<group>"; };
		04B7BC3D294FD6BA00EBA629 /* correct.mp3 */ = {isa = PBXFileReference; lastKnownFileType = audio.mp3; path = correct.mp3; sourceTree = "<group>"; };
/* End PBXFileReference section */

/* Begin PBXFrameworksBuildPhase section */
		04805A90293950E500794644 /* Frameworks */ = {
			isa = PBXFrameworksBuildPhase;
			buildActionMask = 2147483647;
			files = (
			);
			runOnlyForDeploymentPostprocessing = 0;
		};
/* End PBXFrameworksBuildPhase section */

/* Begin PBXGroup section */
		04805A8A293950E400794644 = {
			isa = PBXGroup;
			children = (
				04B7BC3B294FD61700EBA629 /* Sounds */,
				04805A95293950E500794644 /* Finding pairs */,
				04805A94293950E500794644 /* Products */,
			);
			sourceTree = "<group>";
		};
		04805A94293950E500794644 /* Products */ = {
			isa = PBXGroup;
			children = (
				04805A93293950E500794644 /* Мемори.app */,
			);
			name = Products;
			sourceTree = "<group>";
		};
		04805A95293950E500794644 /* Finding pairs */ = {
			isa = PBXGroup;
			children = (
				04805AAE2939755D00794644 /* Extensions.swift */,
				04805AAC2939734700794644 /* CollectionViewCell.swift */,
				04805AAA29395B4500794644 /* Model.swift */,
				04805A96293950E500794644 /* AppDelegate.swift */,
				04805A98293950E500794644 /* SceneDelegate.swift */,
				04805A9A293950E500794644 /* ViewController.swift */,
				04805A9F293950E900794644 /* Assets.xcassets */,
				04805AB4293C936300794644 /* LaunchScreen.storyboard */,
				04805AB2293A1F1D00794644 /* Info.plist */,
			);
			path = "Finding pairs";
			sourceTree = "<group>";
		};
		04B7BC3B294FD61700EBA629 /* Sounds */ = {
			isa = PBXGroup;
			children = (
				04B7BC3D294FD6BA00EBA629 /* correct.mp3 */,
				04B7BC3C294FD6BA00EBA629 /* error.mp3 */,
			);
			path = Sounds;
			sourceTree = "<group>";
		};
/* End PBXGroup section */

/* Begin PBXNativeTarget section */
		04805A92293950E500794644 /* Мемори */ = {
			isa = PBXNativeTarget;
			buildConfigurationList = 04805AA7293950E900794644 /* Build configuration list for PBXNativeTarget "Мемори" */;
			buildPhases = (
				04805A8F293950E500794644 /* Sources */,
				04805A90293950E500794644 /* Frameworks */,
				04805A91293950E500794644 /* Resources */,
			);
			buildRules = (
			);
			dependencies = (
			);
			name = "Мемори";
			productName = "Finding pairs";
			productReference = 04805A93293950E500794644 /* Мемори.app */;
			productType = "com.apple.product-type.application";
		};
/* End PBXNativeTarget section */

/* Begin PBXProject section */
		04805A8B293950E400794644 /* Project object */ = {
			isa = PBXProject;
			attributes = {
				BuildIndependentTargetsInParallel = 1;
				LastSwiftUpdateCheck = 1410;
				LastUpgradeCheck = 1410;
				TargetAttributes = {
					04805A92293950E500794644 = {
						CreatedOnToolsVersion = 14.1;
					};
				};
			};
			buildConfigurationList = 04805A8E293950E400794644 /* Build configuration list for PBXProject "Finding pairs" */;
			compatibilityVersion = "Xcode 14.0";
			developmentRegion = en;
			hasScannedForEncodings = 0;
			knownRegions = (
				en,
				Base,
			);
			mainGroup = 04805A8A293950E400794644;
			productRefGroup = 04805A94293950E500794644 /* Products */;
			projectDirPath = "";
			projectRoot = "";
			targets = (
				04805A92293950E500794644 /* Мемори */,
			);
		};
/* End PBXProject section */

/* Begin PBXResourcesBuildPhase section */
		04805A91293950E500794644 /* Resources */ = {
			isa = PBXResourcesBuildPhase;
			buildActionMask = 2147483647;
			files = (
				04805AA0293950E900794644 /* Assets.xcassets in Resources */,
				04805AB6293C936500794644 /* LaunchScreen.storyboard in Resources */,
				04B7BC3E294FD6BB00EBA629 /* error.mp3 in Resources */,
				04B7BC3F294FD6BB00EBA629 /* correct.mp3 in Resources */,
			);
			runOnlyForDeploymentPostprocessing = 0;
		};
/* End PBXResourcesBuildPhase section */

/* Begin PBXSourcesBuildPhase section */
		04805A8F293950E500794644 /* Sources */ = {
			isa = PBXSourcesBuildPhase;
			buildActionMask = 2147483647;
			files = (
				04805AAD2939734700794644 /* CollectionViewCell.swift in Sources */,
				04805AAF2939755D00794644 /* Extensions.swift in Sources */,
				04805A9B293950E500794644 /* ViewController.swift in Sources */,
				04805A97293950E500794644 /* AppDelegate.swift in Sources */,
				04805A99293950E500794644 /* SceneDelegate.swift in Sources */,
				04805AAB29395B4500794644 /* Model.swift in Sources */,
			);
			runOnlyForDeploymentPostprocessing = 0;
		};
/* End PBXSourcesBuildPhase section */

/* Begin PBXVariantGroup section */
		04805AB4293C936300794644 /* LaunchScreen.storyboard */ = {
			isa = PBXVariantGroup;
			children = (
				04805AB5293C936300794644 /* Base */,
			);
			name = LaunchScreen.storyboard;
			sourceTree = "<group>";
		};
/* End PBXVariantGroup section */

/* Begin XCBuildConfiguration section */
		04805AA5293950E900794644 /* Debug */ = {
			isa = XCBuildConfiguration;
			buildSettings = {
				ALWAYS_SEARCH_USER_PATHS = NO;
				CLANG_ANALYZER_NONNULL = YES;
				CLANG_ANALYZER_NUMBER_OBJECT_CONVERSION = YES_AGGRESSIVE;
				CLANG_CXX_LANGUAGE_STANDARD = "gnu++20";
				CLANG_ENABLE_MODULES = YES;
				CLANG_ENABLE_OBJC_ARC = YES;
				CLANG_ENABLE_OBJC_WEAK = YES;
				CLANG_WARN_BLOCK_CAPTURE_AUTORELEASING = YES;
				CLANG_WARN_BOOL_CONVERSION = YES;
				CLANG_WARN_COMMA = YES;
				CLANG_WARN_CONSTANT_CONVERSION = YES;
				CLANG_WARN_DEPRECATED_OBJC_IMPLEMENTATIONS = YES;
				CLANG_WARN_DIRECT_OBJC_ISA_USAGE = YES_ERROR;
				CLANG_WARN_DOCUMENTATION_COMMENTS = YES;
				CLANG_WARN_EMPTY_BODY = YES;
				CLANG_WARN_ENUM_CONVERSION = YES;
				CLANG_WARN_INFINITE_RECURSION = YES;
				CLANG_WARN_INT_CONVERSION = YES;
				CLANG_WARN_NON_LITERAL_NULL_CONVERSION = YES;
				CLANG_WARN_OBJC_IMPLICIT_RETAIN_SELF = YES;
				CLANG_WARN_OBJC_LITERAL_CONVERSION = YES;
				CLANG_WARN_OBJC_ROOT_CLASS = YES_ERROR;
				CLANG_WARN_QUOTED_INCLUDE_IN_FRAMEWORK_HEADER = YES;
				CLANG_WARN_RANGE_LOOP_ANALYSIS = YES;
				CLANG_WARN_STRICT_PROTOTYPES = YES;
				CLANG_WARN_SUSPICIOUS_MOVE = YES;
				CLANG_WARN_UNGUARDED_AVAILABILITY = YES_AGGRESSIVE;
				CLANG_WARN_UNREACHABLE_CODE = YES;
				CLANG_WARN__DUPLICATE_METHOD_MATCH = YES;
				COPY_PHASE_STRIP = NO;
				DEBUG_INFORMATION_FORMAT = dwarf;
				ENABLE_STRICT_OBJC_MSGSEND = YES;
				ENABLE_TESTABILITY = YES;
				GCC_C_LANGUAGE_STANDARD = gnu11;
				GCC_DYNAMIC_NO_PIC = NO;
				GCC_NO_COMMON_BLOCKS = YES;
				GCC_OPTIMIZATION_LEVEL = 0;
				GCC_PREPROCESSOR_DEFINITIONS = (
					"DEBUG=1",
					"$(inherited)",
				);
				GCC_WARN_64_TO_32_BIT_CONVERSION = YES;
				GCC_WARN_ABOUT_RETURN_TYPE = YES_ERROR;
				GCC_WARN_UNDECLARED_SELECTOR = YES;
				GCC_WARN_UNINITIALIZED_AUTOS = YES_AGGRESSIVE;
				GCC_WARN_UNUSED_FUNCTION = YES;
				GCC_WARN_UNUSED_VARIABLE = YES;
				IPHONEOS_DEPLOYMENT_TARGET = 13.0;
				MTL_ENABLE_DEBUG_INFO = INCLUDE_SOURCE;
				MTL_FAST_MATH = YES;
				ONLY_ACTIVE_ARCH = YES;
				SDKROOT = iphoneos;
				SWIFT_ACTIVE_COMPILATION_CONDITIONS = DEBUG;
				SWIFT_OPTIMIZATION_LEVEL = "-Onone";
			};
			name = Debug;
		};
		04805AA6293950E900794644 /* Release */ = {
			isa = XCBuildConfiguration;
			buildSettings = {
				ALWAYS_SEARCH_USER_PATHS = NO;
				CLANG_ANALYZER_NONNULL = YES;
				CLANG_ANALYZER_NUMBER_OBJECT_CONVERSION = YES_AGGRESSIVE;
				CLANG_CXX_LANGUAGE_STANDARD = "gnu++20";
				CLANG_ENABLE_MODULES = YES;
				CLANG_ENABLE_OBJC_ARC = YES;
				CLANG_ENABLE_OBJC_WEAK = YES;
				CLANG_WARN_BLOCK_CAPTURE_AUTORELEASING = YES;
				CLANG_WARN_BOOL_CONVERSION = YES;
				CLANG_WARN_COMMA = YES;
				CLANG_WARN_CONSTANT_CONVERSION = YES;
				CLANG_WARN_DEPRECATED_OBJC_IMPLEMENTATIONS = YES;
				CLANG_WARN_DIRECT_OBJC_ISA_USAGE = YES_ERROR;
				CLANG_WARN_DOCUMENTATION_COMMENTS = YES;
				CLANG_WARN_EMPTY_BODY = YES;
				CLANG_WARN_ENUM_CONVERSION = YES;
				CLANG_WARN_INFINITE_RECURSION = YES;
				CLANG_WARN_INT_CONVERSION = YES;
				CLANG_WARN_NON_LITERAL_NULL_CONVERSION = YES;
				CLANG_WARN_OBJC_IMPLICIT_RETAIN_SELF = YES;
				CLANG_WARN_OBJC_LITERAL_CONVERSION = YES;
				CLANG_WARN_OBJC_ROOT_CLASS = YES_ERROR;
				CLANG_WARN_QUOTED_INCLUDE_IN_FRAMEWORK_HEADER = YES;
				CLANG_WARN_RANGE_LOOP_ANALYSIS = YES;
				CLANG_WARN_STRICT_PROTOTYPES = YES;
				CLANG_WARN_SUSPICIOUS_MOVE = YES;
				CLANG_WARN_UNGUARDED_AVAILABILITY = YES_AGGRESSIVE;
				CLANG_WARN_UNREACHABLE_CODE = YES;
				CLANG_WARN__DUPLICATE_METHOD_MATCH = YES;
				COPY_PHASE_STRIP = NO;
				DEBUG_INFORMATION_FORMAT = "dwarf-with-dsym";
				ENABLE_NS_ASSERTIONS = NO;
				ENABLE_STRICT_OBJC_MSGSEND = YES;
				GCC_C_LANGUAGE_STANDARD = gnu11;
				GCC_NO_COMMON_BLOCKS = YES;
				GCC_WARN_64_TO_32_BIT_CONVERSION = YES;
				GCC_WARN_ABOUT_RETURN_TYPE = YES_ERROR;
				GCC_WARN_UNDECLARED_SELECTOR = YES;
				GCC_WARN_UNINITIALIZED_AUTOS = YES_AGGRESSIVE;
				GCC_WARN_UNUSED_FUNCTION = YES;
				GCC_WARN_UNUSED_VARIABLE = YES;
				IPHONEOS_DEPLOYMENT_TARGET = 13.0;
				MTL_ENABLE_DEBUG_INFO = NO;
				MTL_FAST_MATH = YES;
				SDKROOT = iphoneos;
				SWIFT_COMPILATION_MODE = wholemodule;
				SWIFT_OPTIMIZATION_LEVEL = "-O";
				VALIDATE_PRODUCT = YES;
			};
			name = Release;
		};
		04805AA8293950E900794644 /* Debug */ = {
			isa = XCBuildConfiguration;
			buildSettings = {
				ASSETCATALOG_COMPILER_APPICON_NAME = AppIcon;
				ASSETCATALOG_COMPILER_GLOBAL_ACCENT_COLOR_NAME = AccentColor;
				ASSETCATALOG_COMPILER_INCLUDE_ALL_APPICON_ASSETS = YES;
				CODE_SIGN_IDENTITY = "Apple Development";
				CODE_SIGN_STYLE = Automatic;
				CURRENT_PROJECT_VERSION = 1;
				DEVELOPMENT_TEAM = YCSJDKLPLB;
				GENERATE_INFOPLIST_FILE = YES;
				INFOPLIST_FILE = "Finding pairs/Info.plist";
				INFOPLIST_KEY_CFBundleDisplayName = "Мемори";
				INFOPLIST_KEY_LSApplicationCategoryType = "public.app-category.kids-games";
				INFOPLIST_KEY_UIApplicationSupportsIndirectInputEvents = YES;
				INFOPLIST_KEY_UILaunchStoryboardName = LaunchScreen.storyboard;
				INFOPLIST_KEY_UIMainStoryboardFile = "";
				INFOPLIST_KEY_UIStatusBarStyle = "";
				INFOPLIST_KEY_UISupportedInterfaceOrientations = "UIInterfaceOrientationLandscapeLeft UIInterfaceOrientationLandscapeRight UIInterfaceOrientationPortrait UIInterfaceOrientationPortraitUpsideDown";
				IPHONEOS_DEPLOYMENT_TARGET = 13.0;
				LD_RUNPATH_SEARCH_PATHS = (
					"$(inherited)",
					"@executable_path/Frameworks",
				);
				MARKETING_VERSION = 1.0;
				PRODUCT_BUNDLE_IDENTIFIER = "ru.sysq.Finding-pairs";
				PRODUCT_NAME = "$(TARGET_NAME)";
				PROVISIONING_PROFILE_SPECIFIER = "";
				SUPPORTED_PLATFORMS = "iphoneos iphonesimulator";
				SUPPORTS_MACCATALYST = NO;
				SUPPORTS_MAC_DESIGNED_FOR_IPHONE_IPAD = YES;
				SWIFT_EMIT_LOC_STRINGS = YES;
				SWIFT_VERSION = 5.0;
				TARGETED_DEVICE_FAMILY = "1,2";
			};
			name = Debug;
		};
		04805AA9293950E900794644 /* Release */ = {
			isa = XCBuildConfiguration;
			buildSettings = {
				ASSETCATALOG_COMPILER_APPICON_NAME = AppIcon;
				ASSETCATALOG_COMPILER_GLOBAL_ACCENT_COLOR_NAME = AccentColor;
				ASSETCATALOG_COMPILER_INCLUDE_ALL_APPICON_ASSETS = YES;
				CODE_SIGN_IDENTITY = "Apple Development";
				CODE_SIGN_STYLE = Automatic;
				CURRENT_PROJECT_VERSION = 1;
				DEVELOPMENT_TEAM = YCSJDKLPLB;
				GENERATE_INFOPLIST_FILE = YES;
				INFOPLIST_FILE = "Finding pairs/Info.plist";
				INFOPLIST_KEY_CFBundleDisplayName = "Мемори";
				INFOPLIST_KEY_LSApplicationCategoryType = "public.app-category.kids-games";
				INFOPLIST_KEY_UIApplicationSupportsIndirectInputEvents = YES;
				INFOPLIST_KEY_UILaunchStoryboardName = LaunchScreen.storyboard;
				INFOPLIST_KEY_UIMainStoryboardFile = "";
				INFOPLIST_KEY_UIStatusBarStyle = "";
				INFOPLIST_KEY_UISupportedInterfaceOrientations = "UIInterfaceOrientationLandscapeLeft UIInterfaceOrientationLandscapeRight UIInterfaceOrientationPortrait UIInterfaceOrientationPortraitUpsideDown";
				IPHONEOS_DEPLOYMENT_TARGET = 13.0;
				LD_RUNPATH_SEARCH_PATHS = (
					"$(inherited)",
					"@executable_path/Frameworks",
				);
				MARKETING_VERSION = 1.0;
				PRODUCT_BUNDLE_IDENTIFIER = "ru.sysq.Finding-pairs";
				PRODUCT_NAME = "$(TARGET_NAME)";
				PROVISIONING_PROFILE_SPECIFIER = "";
				SUPPORTED_PLATFORMS = "iphoneos iphonesimulator";
				SUPPORTS_MACCATALYST = NO;
				SUPPORTS_MAC_DESIGNED_FOR_IPHONE_IPAD = YES;
				SWIFT_EMIT_LOC_STRINGS = YES;
				SWIFT_VERSION = 5.0;
				TARGETED_DEVICE_FAMILY = "1,2";
			};
			name = Release;
		};
/* End XCBuildConfiguration section */

/* Begin XCConfigurationList section */
		04805A8E293950E400794644 /* Build configuration list for PBXProject "Finding pairs" */ = {
			isa = XCConfigurationList;
			buildConfigurations = (
				04805AA5293950E900794644 /* Debug */,
				04805AA6293950E900794644 /* Release */,
			);
			defaultConfigurationIsVisible = 0;
			defaultConfigurationName = Release;
		};
		04805AA7293950E900794644 /* Build configuration list for PBXNativeTarget "Мемори" */ = {
			isa = XCConfigurationList;
			buildConfigurations = (
				04805AA8293950E900794644 /* Debug */,
				04805AA9293950E900794644 /* Release */,
			);
			defaultConfigurationIsVisible = 0;
			defaultConfigurationName = Release;
		};
/* End XCConfigurationList section */
	};
	rootObject = 04805A8B293950E400794644 /* Project object */;
}
